
Microsoft Visual Studio Solution File, Format Version 12.00
# Visual Studio Version 17
VisualStudioVersion = 17.5.33516.290
MinimumVisualStudioVersion = 10.0.40219.1
Project("{FAE04EC0-301F-11D3-BF4B-00C04F79EFBC}") = "Ejercicio02.Android", "Ejercicio02\Ejercicio02.Android\Ejercicio02.Android.csproj", "{BE3C14D6-DB16-4A04-91FF-26C784967F8D}"
EndProject
Project("{FAE04EC0-301F-11D3-BF4B-00C04F79EFBC}") = "Ejercicio02.iOS", "Ejercicio02\Ejercicio02.iOS\Ejercicio02.iOS.csproj", "{83C5E688-F77E-49DA-B84B-47852606FD5C}"
EndProject
Project("{FAE04EC0-301F-11D3-BF4B-00C04F79EFBC}") = "Ejercicio02", "Ejercicio02\Ejercicio02\Ejercicio02.csproj", "{3BC20B85-D5C7-4967-9416-47E06F4A7543}"
EndProject
Global
	GlobalSection(SolutionConfigurationPlatforms) = preSolution
		Debug|Any CPU = Debug|Any CPU
		Debug|iPhone = Debug|iPhone
		Debug|iPhoneSimulator = Debug|iPhoneSimulator
		Release|Any CPU = Release|Any CPU
		Release|iPhone = Release|iPhone
		Release|iPhoneSimulator = Release|iPhoneSimulator
	EndGlobalSection
	GlobalSection(ProjectConfigurationPlatforms) = postSolution
		{BE3C14D6-DB16-4A04-91FF-26C784967F8D}.Debug|Any CPU.ActiveCfg = Debug|Any CPU
		{BE3C14D6-DB16-4A04-91FF-26C784967F8D}.Debug|Any CPU.Build.0 = Debug|Any CPU
		{BE3C14D6-DB16-4A04-91FF-26C784967F8D}.Debug|Any CPU.Deploy.0 = Debug|Any CPU
		{BE3C14D6-DB16-4A04-91FF-26C784967F8D}.Debug|iPhone.ActiveCfg = Debug|Any CPU
		{BE3C14D6-DB16-4A04-91FF-26C784967F8D}.Debug|iPhone.Build.0 = Debug|Any CPU
		{BE3C14D6-DB16-4A04-91FF-26C784967F8D}.Debug|iPhone.Deploy.0 = Debug|Any CPU
		{BE3C14D6-DB16-4A04-91FF-26C784967F8D}.Debug|iPhoneSimulator.ActiveCfg = Debug|Any CPU
		{BE3C14D6-DB16-4A04-91FF-26C784967F8D}.Debug|iPhoneSimulator.Build.0 = Debug|Any CPU
		{BE3C14D6-DB16-4A04-91FF-26C784967F8D}.Debug|iPhoneSimulator.Deploy.0 = Debug|Any CPU
		{BE3C14D6-DB16-4A04-91FF-26C784967F8D}.Release|Any CPU.ActiveCfg = Release|Any CPU
		{BE3C14D6-DB16-4A04-91FF-26C784967F8D}.Release|Any CPU.Build.0 = Release|Any CPU
		{BE3C14D6-DB16-4A04-91FF-26C784967F8D}.Release|Any CPU.Deploy.0 = Release|Any CPU
		{BE3C14D6-DB16-4A04-91FF-26C784967F8D}.Release|iPhone.ActiveCfg = Release|Any CPU
		{BE3C14D6-DB16-4A04-91FF-26C784967F8D}.Release|iPhone.Build.0 = Release|Any CPU
		{BE3C14D6-DB16-4A04-91FF-26C784967F8D}.Release|iPhone.Deploy.0 = Release|Any CPU
		{BE3C14D6-DB16-4A04-91FF-26C784967F8D}.Release|iPhoneSimulator.ActiveCfg = Release|Any CPU
		{BE3C14D6-DB16-4A04-91FF-26C784967F8D}.Release|iPhoneSimulator.Build.0 = Release|Any CPU
		{BE3C14D6-DB16-4A04-91FF-26C784967F8D}.Release|iPhoneSimulator.Deploy.0 = Release|Any CPU
		{83C5E688-F77E-49DA-B84B-47852606FD5C}.Debug|Any CPU.ActiveCfg = Debug|iPhone
		{83C5E688-F77E-49DA-B84B-47852606FD5C}.Debug|Any CPU.Build.0 = Debug|iPhone
		{83C5E688-F77E-49DA-B84B-47852606FD5C}.Debug|Any CPU.Deploy.0 = Debug|iPhone
		{83C5E688-F77E-49DA-B84B-47852606FD5C}.Debug|iPhone.ActiveCfg = Debug|iPhone
		{83C5E688-F77E-49DA-B84B-47852606FD5C}.Debug|iPhone.Build.0 = Debug|iPhone
		{83C5E688-F77E-49DA-B84B-47852606FD5C}.Debug|iPhone.Deploy.0 = Debug|iPhone
		{83C5E688-F77E-49DA-B84B-47852606FD5C}.Debug|iPhoneSimulator.ActiveCfg = Debug|iPhoneSimulator
		{83C5E688-F77E-49DA-B84B-47852606FD5C}.Debug|iPhoneSimulator.Build.0 = Debug|iPhoneSimulator
		{83C5E688-F77E-49DA-B84B-47852606FD5C}.Debug|iPhoneSimulator.Deploy.0 = Debug|iPhoneSimulator
		{83C5E688-F77E-49DA-B84B-47852606FD5C}.Release|Any CPU.ActiveCfg = Release|iPhoneSimulator
		{83C5E688-F77E-49DA-B84B-47852606FD5C}.Release|Any CPU.Build.0 = Release|iPhoneSimulator
		{83C5E688-F77E-49DA-B84B-47852606FD5C}.Release|Any CPU.Deploy.0 = Release|iPhoneSimulator
		{83C5E688-F77E-49DA-B84B-47852606FD5C}.Release|iPhone.ActiveCfg = Release|iPhone
		{83C5E688-F77E-49DA-B84B-47852606FD5C}.Release|iPhone.Build.0 = Release|iPhone
		{83C5E688-F77E-49DA-B84B-47852606FD5C}.Release|iPhone.Deploy.0 = Release|iPhone
		{83C5E688-F77E-49DA-B84B-47852606FD5C}.Release|iPhoneSimulator.ActiveCfg = Release|iPhoneSimulator
		{83C5E688-F77E-49DA-B84B-47852606FD5C}.Release|iPhoneSimulator.Build.0 = Release|iPhoneSimulator
		{83C5E688-F77E-49DA-B84B-47852606FD5C}.Release|iPhoneSimulator.Deploy.0 = Release|iPhoneSimulator
		{3BC20B85-D5C7-4967-9416-47E06F4A7543}.Debug|Any CPU.ActiveCfg = Debug|Any CPU
		{3BC20B85-D5C7-4967-9416-47E06F4A7543}.Debug|Any CPU.Build.0 = Debug|Any CPU
		{3BC20B85-D5C7-4967-9416-47E06F4A7543}.Debug|Any CPU.Deploy.0 = Debug|Any CPU
		{3BC20B85-D5C7-4967-9416-47E06F4A7543}.Debug|iPhone.ActiveCfg = Debug|Any CPU
		{3BC20B85-D5C7-4967-9416-47E06F4A7543}.Debug|iPhone.Build.0 = Debug|Any CPU
		{3BC20B85-D5C7-4967-9416-47E06F4A7543}.Debug|iPhone.Deploy.0 = Debug|Any CPU
		{3BC20B85-D5C7-4967-9416-47E06F4A7543}.Debug|iPhoneSimulator.ActiveCfg = Debug|Any CPU
		{3BC20B85-D5C7-4967-9416-47E06F4A7543}.Debug|iPhoneSimulator.Build.0 = Debug|Any CPU
		{3BC20B85-D5C7-4967-9416-47E06F4A7543}.Debug|iPhoneSimulator.Deploy.0 = Debug|Any CPU
		{3BC20B85-D5C7-4967-9416-47E06F4A7543}.Release|Any CPU.ActiveCfg = Release|Any CPU
		{3BC20B85-D5C7-4967-9416-47E06F4A7543}.Release|Any CPU.Build.0 = Release|Any CPU
		{3BC20B85-D5C7-4967-9416-47E06F4A7543}.Release|Any CPU.Deploy.0 = Release|Any CPU
		{3BC20B85-D5C7-4967-9416-47E06F4A7543}.Release|iPhone.ActiveCfg = Release|Any CPU
		{3BC20B85-D5C7-4967-9416-47E06F4A7543}.Release|iPhone.Build.0 = Release|Any CPU
		{3BC20B85-D5C7-4967-9416-47E06F4A7543}.Release|iPhone.Deploy.0 = Release|Any CPU
		{3BC20B85-D5C7-4967-9416-47E06F4A7543}.Release|iPhoneSimulator.ActiveCfg = Release|Any CPU
		{3BC20B85-D5C7-4967-9416-47E06F4A7543}.Release|iPhoneSimulator.Build.0 = Release|Any CPU
		{3BC20B85-D5C7-4967-9416-47E06F4A7543}.Release|iPhoneSimulator.Deploy.0 = Release|Any CPU
	EndGlobalSection
	GlobalSection(SolutionProperties) = preSolution
		HideSolutionNode = FALSE
	EndGlobalSection
	GlobalSection(ExtensibilityGlobals) = postSolution
		SolutionGuid = {9AFC905E-7508-4C4A-81BC-989D5EF10C80}
	EndGlobalSection
EndGlobal
